
Microsoft Visual Studio Solution File, Format Version 12.00
# Visual Studio Version 16
VisualStudioVersion = 16.0.31624.102
MinimumVisualStudioVersion = 10.0.40219.1
Project("{FAE04EC0-301F-11D3-BF4B-00C04F79EFBC}") = "GamerManagerDEMO", "GamerManagerDEMO\GamerManagerDEMO.csproj", "{7BA369C2-E4B2-4E27-A850-B542CC2493CC}"
EndProject
Global
	GlobalSection(SolutionConfigurationPlatforms) = preSolution
		Debug|Any CPU = Debug|Any CPU
		Release|Any CPU = Release|Any CPU
	EndGlobalSection
	GlobalSection(ProjectConfigurationPlatforms) = postSolution
		{7BA369C2-E4B2-4E27-A850-B542CC2493CC}.Debug|Any CPU.ActiveCfg = Debug|Any CPU
		{7BA369C2-E4B2-4E27-A850-B542CC2493CC}.Debug|Any CPU.Build.0 = Debug|Any CPU
		{7BA369C2-E4B2-4E27-A850-B542CC2493CC}.Release|Any CPU.ActiveCfg = Release|Any CPU
		{7BA369C2-E4B2-4E27-A850-B542CC2493CC}.Release|Any CPU.Build.0 = Release|Any CPU
	EndGlobalSection
	GlobalSection(SolutionProperties) = preSolution
		HideSolutionNode = FALSE
	EndGlobalSection
	GlobalSection(ExtensibilityGlobals) = postSolution
		SolutionGuid = {F8B87011-8352-4C3C-93EC-AD06094ACE55}
	EndGlobalSection
EndGlobal
